
Microsoft Visual Studio Solution File, Format Version 12.00
# Visual Studio 15
VisualStudioVersion = 15.0.28307.421
MinimumVisualStudioVersion = 10.0.40219.1
Project("{FAE04EC0-301F-11D3-BF4B-00C04F79EFBC}") = "Homework", "Homework.csproj", "{4C7497EB-804A-4554-85EF-C0CE4DC1563C}"
EndProject
Global
	GlobalSection(SolutionConfigurationPlatforms) = preSolution
		Debug|Any CPU = Debug|Any CPU
		Release|Any CPU = Release|Any CPU
	EndGlobalSection
	GlobalSection(ProjectConfigurationPlatforms) = postSolution
		{4C7497EB-804A-4554-85EF-C0CE4DC1563C}.Debug|Any CPU.ActiveCfg = Debug|Any CPU
		{4C7497EB-804A-4554-85EF-C0CE4DC1563C}.Debug|Any CPU.Build.0 = Debug|Any CPU
		{4C7497EB-804A-4554-85EF-C0CE4DC1563C}.Release|Any CPU.ActiveCfg = Release|Any CPU
		{4C7497EB-804A-4554-85EF-C0CE4DC1563C}.Release|Any CPU.Build.0 = Release|Any CPU
	EndGlobalSection
	GlobalSection(SolutionProperties) = preSolution
		HideSolutionNode = FALSE
	EndGlobalSection
	GlobalSection(ExtensibilityGlobals) = postSolution
		SolutionGuid = {6C858868-DC79-4108-BE44-65E89C45F3FC}
	EndGlobalSection
EndGlobal
